
Microsoft Visual Studio Solution File, Format Version 12.00
# Visual Studio Version 17
VisualStudioVersion = 17.0.31912.275
MinimumVisualStudioVersion = 10.0.40219.1
Project("{FAE04EC0-301F-11D3-BF4B-00C04F79EFBC}") = "MoodAnalyser", "MoodAnalyser\MoodAnalyser.csproj", "{3B525E3D-E346-41EA-8B31-0289884CD979}"
EndProject
Project("{FAE04EC0-301F-11D3-BF4B-00C04F79EFBC}") = "MoodAnalyzerTest", "MoodAnalyzerTest\MoodAnalyzerTest.csproj", "{5E7ABBA7-1309-404E-BF09-8D121E1AD4BC}"
EndProject
Global
	GlobalSection(SolutionConfigurationPlatforms) = preSolution
		Debug|Any CPU = Debug|Any CPU
		Release|Any CPU = Release|Any CPU
	EndGlobalSection
	GlobalSection(ProjectConfigurationPlatforms) = postSolution
		{3B525E3D-E346-41EA-8B31-0289884CD979}.Debug|Any CPU.ActiveCfg = Debug|Any CPU
		{3B525E3D-E346-41EA-8B31-0289884CD979}.Debug|Any CPU.Build.0 = Debug|Any CPU
		{3B525E3D-E346-41EA-8B31-0289884CD979}.Release|Any CPU.ActiveCfg = Release|Any CPU
		{3B525E3D-E346-41EA-8B31-0289884CD979}.Release|Any CPU.Build.0 = Release|Any CPU
		{5E7ABBA7-1309-404E-BF09-8D121E1AD4BC}.Debug|Any CPU.ActiveCfg = Debug|Any CPU
		{5E7ABBA7-1309-404E-BF09-8D121E1AD4BC}.Debug|Any CPU.Build.0 = Debug|Any CPU
		{5E7ABBA7-1309-404E-BF09-8D121E1AD4BC}.Release|Any CPU.ActiveCfg = Release|Any CPU
		{5E7ABBA7-1309-404E-BF09-8D121E1AD4BC}.Release|Any CPU.Build.0 = Release|Any CPU
	EndGlobalSection
	GlobalSection(SolutionProperties) = preSolution
		HideSolutionNode = FALSE
	EndGlobalSection
	GlobalSection(ExtensibilityGlobals) = postSolution
		SolutionGuid = {2D3C3866-DD5E-4829-8762-44927D223090}
	EndGlobalSection
EndGlobal
